
Microsoft Visual Studio Solution File, Format Version 12.00
# Visual Studio 15
VisualStudioVersion = 15.0.27130.2026
MinimumVisualStudioVersion = 10.0.40219.1
Project("{FAE04EC0-301F-11D3-BF4B-00C04F79EFBC}") = "Console_helloWorld", "Console_helloWorld\Console_helloWorld.csproj", "{EEB0893C-C728-4A18-B831-274BAA1DCAAF}"
EndProject
Project("{FAE04EC0-301F-11D3-BF4B-00C04F79EFBC}") = "SuperCalculator", "..\SuperCalculator\SuperCalculator.csproj", "{43E77B3B-714F-42C6-B36A-10563ED4236D}"
EndProject
Global
	GlobalSection(SolutionConfigurationPlatforms) = preSolution
		Debug|Any CPU = Debug|Any CPU
		Release|Any CPU = Release|Any CPU
	EndGlobalSection
	GlobalSection(ProjectConfigurationPlatforms) = postSolution
		{EEB0893C-C728-4A18-B831-274BAA1DCAAF}.Debug|Any CPU.ActiveCfg = Debug|Any CPU
		{EEB0893C-C728-4A18-B831-274BAA1DCAAF}.Debug|Any CPU.Build.0 = Debug|Any CPU
		{EEB0893C-C728-4A18-B831-274BAA1DCAAF}.Release|Any CPU.ActiveCfg = Release|Any CPU
		{EEB0893C-C728-4A18-B831-274BAA1DCAAF}.Release|Any CPU.Build.0 = Release|Any CPU
		{43E77B3B-714F-42C6-B36A-10563ED4236D}.Debug|Any CPU.ActiveCfg = Debug|Any CPU
		{43E77B3B-714F-42C6-B36A-10563ED4236D}.Debug|Any CPU.Build.0 = Debug|Any CPU
		{43E77B3B-714F-42C6-B36A-10563ED4236D}.Release|Any CPU.ActiveCfg = Release|Any CPU
		{43E77B3B-714F-42C6-B36A-10563ED4236D}.Release|Any CPU.Build.0 = Release|Any CPU
	EndGlobalSection
	GlobalSection(SolutionProperties) = preSolution
		HideSolutionNode = FALSE
	EndGlobalSection
	GlobalSection(ExtensibilityGlobals) = postSolution
		SolutionGuid = {1EB1BBC5-17CE-4FB0-952D-8D869712C12F}
	EndGlobalSection
EndGlobal
